
Microsoft Visual Studio Solution File, Format Version 12.00
# Visual Studio Version 17
VisualStudioVersion = 17.13.35818.85
MinimumVisualStudioVersion = 10.0.40219.1
Project("{FAE04EC0-301F-11D3-BF4B-00C04F79EFBC}") = "Todo.ConsoleApp", "Todo.ConsoleApp\Todo.ConsoleApp.csproj", "{5BAA0E09-0637-4608-9AE2-0A6F0D8BC700}"
EndProject
Project("{FAE04EC0-301F-11D3-BF4B-00C04F79EFBC}") = "Todo.Api", "Todo.Api\Todo.Api.csproj", "{9080C357-4B83-4823-AF87-B21C8E9D7308}"
EndProject
Project("{FAE04EC0-301F-11D3-BF4B-00C04F79EFBC}") = "Todo.Infrastructure", "Todo.Infrastructure\Todo.Infrastructure.csproj", "{B4287D1B-B924-4F39-B187-DBA3C506D66D}"
EndProject
Project("{FAE04EC0-301F-11D3-BF4B-00C04F79EFBC}") = "Todo.Application", "Todo.Application\Todo.Application.csproj", "{308E0DC0-C9FC-786D-CA72-EA8261AFB66E}"
EndProject
Project("{FAE04EC0-301F-11D3-BF4B-00C04F79EFBC}") = "Todo.Core", "Todo.Core\Todo.Core.csproj", "{9D8839E5-23F2-45F7-BCE0-5491A0EDB116}"
EndProject
Project("{2150E333-8FDC-42A3-9474-1A3956D46DE8}") = "Ui", "Ui", "{02EA681E-C7D8-13C7-8484-4AC65E1B71E8}"
EndProject
Project("{FAE04EC0-301F-11D3-BF4B-00C04F79EFBC}") = "Todo.Agents", "Todo.Agents\Todo.Agents.csproj", "{F2BF68C9-C911-40F1-B578-5B00792E603E}"
EndProject
Project("{FAE04EC0-301F-11D3-BF4B-00C04F79EFBC}") = "Agents.Tests", "Agents.Tests\Agents.Tests.csproj", "{AB50479C-7C39-46D4-9970-7C3D47CC194B}"
EndProject
Global
	GlobalSection(SolutionConfigurationPlatforms) = preSolution
		Debug|Any CPU = Debug|Any CPU
		Release|Any CPU = Release|Any CPU
	EndGlobalSection
	GlobalSection(ProjectConfigurationPlatforms) = postSolution
		{5BAA0E09-0637-4608-9AE2-0A6F0D8BC700}.Debug|Any CPU.ActiveCfg = Debug|Any CPU
		{5BAA0E09-0637-4608-9AE2-0A6F0D8BC700}.Debug|Any CPU.Build.0 = Debug|Any CPU
		{5BAA0E09-0637-4608-9AE2-0A6F0D8BC700}.Release|Any CPU.ActiveCfg = Release|Any CPU
		{5BAA0E09-0637-4608-9AE2-0A6F0D8BC700}.Release|Any CPU.Build.0 = Release|Any CPU
		{9080C357-4B83-4823-AF87-B21C8E9D7308}.Debug|Any CPU.ActiveCfg = Debug|Any CPU
		{9080C357-4B83-4823-AF87-B21C8E9D7308}.Debug|Any CPU.Build.0 = Debug|Any CPU
		{9080C357-4B83-4823-AF87-B21C8E9D7308}.Release|Any CPU.ActiveCfg = Release|Any CPU
		{9080C357-4B83-4823-AF87-B21C8E9D7308}.Release|Any CPU.Build.0 = Release|Any CPU
		{B4287D1B-B924-4F39-B187-DBA3C506D66D}.Debug|Any CPU.ActiveCfg = Debug|Any CPU
		{B4287D1B-B924-4F39-B187-DBA3C506D66D}.Debug|Any CPU.Build.0 = Debug|Any CPU
		{B4287D1B-B924-4F39-B187-DBA3C506D66D}.Release|Any CPU.ActiveCfg = Release|Any CPU
		{B4287D1B-B924-4F39-B187-DBA3C506D66D}.Release|Any CPU.Build.0 = Release|Any CPU
		{308E0DC0-C9FC-786D-CA72-EA8261AFB66E}.Debug|Any CPU.ActiveCfg = Debug|Any CPU
		{308E0DC0-C9FC-786D-CA72-EA8261AFB66E}.Debug|Any CPU.Build.0 = Debug|Any CPU
		{308E0DC0-C9FC-786D-CA72-EA8261AFB66E}.Release|Any CPU.ActiveCfg = Release|Any CPU
		{308E0DC0-C9FC-786D-CA72-EA8261AFB66E}.Release|Any CPU.Build.0 = Release|Any CPU
		{9D8839E5-23F2-45F7-BCE0-5491A0EDB116}.Debug|Any CPU.ActiveCfg = Debug|Any CPU
		{9D8839E5-23F2-45F7-BCE0-5491A0EDB116}.Debug|Any CPU.Build.0 = Debug|Any CPU
		{9D8839E5-23F2-45F7-BCE0-5491A0EDB116}.Release|Any CPU.ActiveCfg = Release|Any CPU
		{9D8839E5-23F2-45F7-BCE0-5491A0EDB116}.Release|Any CPU.Build.0 = Release|Any CPU
		{F2BF68C9-C911-40F1-B578-5B00792E603E}.Debug|Any CPU.ActiveCfg = Debug|Any CPU
		{F2BF68C9-C911-40F1-B578-5B00792E603E}.Debug|Any CPU.Build.0 = Debug|Any CPU
		{F2BF68C9-C911-40F1-B578-5B00792E603E}.Release|Any CPU.ActiveCfg = Release|Any CPU
		{F2BF68C9-C911-40F1-B578-5B00792E603E}.Release|Any CPU.Build.0 = Release|Any CPU
		{AB50479C-7C39-46D4-9970-7C3D47CC194B}.Debug|Any CPU.ActiveCfg = Debug|Any CPU
		{AB50479C-7C39-46D4-9970-7C3D47CC194B}.Debug|Any CPU.Build.0 = Debug|Any CPU
		{AB50479C-7C39-46D4-9970-7C3D47CC194B}.Release|Any CPU.ActiveCfg = Release|Any CPU
		{AB50479C-7C39-46D4-9970-7C3D47CC194B}.Release|Any CPU.Build.0 = Release|Any CPU
	EndGlobalSection
	GlobalSection(SolutionProperties) = preSolution
		HideSolutionNode = FALSE
	EndGlobalSection
	GlobalSection(NestedProjects) = preSolution
		{5BAA0E09-0637-4608-9AE2-0A6F0D8BC700} = {02EA681E-C7D8-13C7-8484-4AC65E1B71E8}
	EndGlobalSection
	GlobalSection(ExtensibilityGlobals) = postSolution
		SolutionGuid = {3CB433F0-9385-42CB-BAA5-E504F66BDEF6}
	EndGlobalSection
EndGlobal
